
Microsoft Visual Studio Solution File, Format Version 12.00
# Visual Studio Version 16
VisualStudioVersion = 16.0.30330.147
MinimumVisualStudioVersion = 10.0.40219.1
Project("{FAE04EC0-301F-11D3-BF4B-00C04F79EFBC}") = "widget_calculator", "widget_calculator\widget_calculator.csproj", "{30BAD67B-FEB1-4646-A1D8-0B8747BCD862}"
EndProject
Global
	GlobalSection(SolutionConfigurationPlatforms) = preSolution
		Debug|Any CPU = Debug|Any CPU
		Release|Any CPU = Release|Any CPU
	EndGlobalSection
	GlobalSection(ProjectConfigurationPlatforms) = postSolution
		{30BAD67B-FEB1-4646-A1D8-0B8747BCD862}.Debug|Any CPU.ActiveCfg = Debug|Any CPU
		{30BAD67B-FEB1-4646-A1D8-0B8747BCD862}.Debug|Any CPU.Build.0 = Debug|Any CPU
		{30BAD67B-FEB1-4646-A1D8-0B8747BCD862}.Release|Any CPU.ActiveCfg = Release|Any CPU
		{30BAD67B-FEB1-4646-A1D8-0B8747BCD862}.Release|Any CPU.Build.0 = Release|Any CPU
	EndGlobalSection
	GlobalSection(SolutionProperties) = preSolution
		HideSolutionNode = FALSE
	EndGlobalSection
	GlobalSection(ExtensibilityGlobals) = postSolution
		SolutionGuid = {B6BF15EB-CAD3-4371-9B1D-C1B91A76C29C}
	EndGlobalSection
EndGlobal
