
Microsoft Visual Studio Solution File, Format Version 12.00
# Visual Studio Version 16
VisualStudioVersion = 16.0.30330.147
MinimumVisualStudioVersion = 10.0.40219.1
Project("{FAE04EC0-301F-11D3-BF4B-00C04F79EFBC}") = "homework2_Array_Processor", "homework2_Array_Processor\homework2_Array_Processor.csproj", "{70EF3176-C74C-42FA-A6B7-6E783BD3A613}"
EndProject
Global
	GlobalSection(SolutionConfigurationPlatforms) = preSolution
		Debug|Any CPU = Debug|Any CPU
		Release|Any CPU = Release|Any CPU
	EndGlobalSection
	GlobalSection(ProjectConfigurationPlatforms) = postSolution
		{70EF3176-C74C-42FA-A6B7-6E783BD3A613}.Debug|Any CPU.ActiveCfg = Debug|Any CPU
		{70EF3176-C74C-42FA-A6B7-6E783BD3A613}.Debug|Any CPU.Build.0 = Debug|Any CPU
		{70EF3176-C74C-42FA-A6B7-6E783BD3A613}.Release|Any CPU.ActiveCfg = Release|Any CPU
		{70EF3176-C74C-42FA-A6B7-6E783BD3A613}.Release|Any CPU.Build.0 = Release|Any CPU
	EndGlobalSection
	GlobalSection(SolutionProperties) = preSolution
		HideSolutionNode = FALSE
	EndGlobalSection
	GlobalSection(ExtensibilityGlobals) = postSolution
		SolutionGuid = {101ECAF3-3E81-46A8-BDFD-804F22D50ED4}
	EndGlobalSection
EndGlobal
