
Microsoft Visual Studio Solution File, Format Version 12.00
# Visual Studio Version 16
VisualStudioVersion = 16.0.30330.147
MinimumVisualStudioVersion = 10.0.40219.1
Project("{FAE04EC0-301F-11D3-BF4B-00C04F79EFBC}") = "OrderSystem_Extension", "OrderSystem_Extension\OrderSystem_Extension.csproj", "{EB2AF38F-00D0-4B87-8D04-7D20F8C15005}"
EndProject
Global
	GlobalSection(SolutionConfigurationPlatforms) = preSolution
		Debug|Any CPU = Debug|Any CPU
		Release|Any CPU = Release|Any CPU
	EndGlobalSection
	GlobalSection(ProjectConfigurationPlatforms) = postSolution
		{EB2AF38F-00D0-4B87-8D04-7D20F8C15005}.Debug|Any CPU.ActiveCfg = Debug|Any CPU
		{EB2AF38F-00D0-4B87-8D04-7D20F8C15005}.Debug|Any CPU.Build.0 = Debug|Any CPU
		{EB2AF38F-00D0-4B87-8D04-7D20F8C15005}.Release|Any CPU.ActiveCfg = Release|Any CPU
		{EB2AF38F-00D0-4B87-8D04-7D20F8C15005}.Release|Any CPU.Build.0 = Release|Any CPU
	EndGlobalSection
	GlobalSection(SolutionProperties) = preSolution
		HideSolutionNode = FALSE
	EndGlobalSection
	GlobalSection(ExtensibilityGlobals) = postSolution
		SolutionGuid = {8D8C26BB-12BA-4597-B21C-01B2D3C66261}
	EndGlobalSection
EndGlobal
