
Microsoft Visual Studio Solution File, Format Version 12.00
# Visual Studio Version 16
VisualStudioVersion = 16.0.30330.147
MinimumVisualStudioVersion = 10.0.40219.1
Project("{FAE04EC0-301F-11D3-BF4B-00C04F79EFBC}") = "homework2_shape", "homework2_shape\homework2_shape.csproj", "{22411390-1624-468C-9392-5CD4B8AAC6B9}"
EndProject
Global
	GlobalSection(SolutionConfigurationPlatforms) = preSolution
		Debug|Any CPU = Debug|Any CPU
		Release|Any CPU = Release|Any CPU
	EndGlobalSection
	GlobalSection(ProjectConfigurationPlatforms) = postSolution
		{22411390-1624-468C-9392-5CD4B8AAC6B9}.Debug|Any CPU.ActiveCfg = Debug|Any CPU
		{22411390-1624-468C-9392-5CD4B8AAC6B9}.Debug|Any CPU.Build.0 = Debug|Any CPU
		{22411390-1624-468C-9392-5CD4B8AAC6B9}.Release|Any CPU.ActiveCfg = Release|Any CPU
		{22411390-1624-468C-9392-5CD4B8AAC6B9}.Release|Any CPU.Build.0 = Release|Any CPU
	EndGlobalSection
	GlobalSection(SolutionProperties) = preSolution
		HideSolutionNode = FALSE
	EndGlobalSection
	GlobalSection(ExtensibilityGlobals) = postSolution
		SolutionGuid = {2AFF880F-ABF0-4CF1-88F7-46C57B83AB7E}
	EndGlobalSection
EndGlobal
