
Microsoft Visual Studio Solution File, Format Version 12.00
# Visual Studio Version 16
VisualStudioVersion = 16.0.30330.147
MinimumVisualStudioVersion = 10.0.40219.1
Project("{FAE04EC0-301F-11D3-BF4B-00C04F79EFBC}") = "Console_caculator", "Console_caculator\Console_caculator.csproj", "{3C111118-66F1-49D3-944C-81C6443C03AF}"
EndProject
Global
	GlobalSection(SolutionConfigurationPlatforms) = preSolution
		Debug|Any CPU = Debug|Any CPU
		Release|Any CPU = Release|Any CPU
	EndGlobalSection
	GlobalSection(ProjectConfigurationPlatforms) = postSolution
		{3C111118-66F1-49D3-944C-81C6443C03AF}.Debug|Any CPU.ActiveCfg = Debug|Any CPU
		{3C111118-66F1-49D3-944C-81C6443C03AF}.Debug|Any CPU.Build.0 = Debug|Any CPU
		{3C111118-66F1-49D3-944C-81C6443C03AF}.Release|Any CPU.ActiveCfg = Release|Any CPU
		{3C111118-66F1-49D3-944C-81C6443C03AF}.Release|Any CPU.Build.0 = Release|Any CPU
	EndGlobalSection
	GlobalSection(SolutionProperties) = preSolution
		HideSolutionNode = FALSE
	EndGlobalSection
	GlobalSection(ExtensibilityGlobals) = postSolution
		SolutionGuid = {D744A9F6-2EB8-4336-BE7A-3A91959014B6}
	EndGlobalSection
EndGlobal
